Microsoft Visual Studio Solution File, Format Version 12.00
# Visual Studio Version 18
VisualStudioVersion = 18.1.11304.174 d18.0
MinimumVisualStudioVersion = 10.0.40219.1
Project("{9A19103F-16F7-4668-BE54-9A1E7A4F7556}") = "GeoPlaces.Web", "backend\GeoPlaces.Web\GeoPlaces.Web.csproj", "{B0B72995-EFE1-4A91-91A4-698056F74E1A}"
EndProject
Project("{9A19103F-16F7-4668-BE54-9A1E7A4F7556}") = "GeoPlaces.Contracts", "backend\GeoPlaces.Contracts\GeoPlaces.Contracts.csproj", "{29B17BA5-283C-443A-9943-27097BCA5CB4}"
EndProject
Project("{9A19103F-16F7-4668-BE54-9A1E7A4F7556}") = "EventsLogger.API", "backend\EventsLogger.API\EventsLogger.API.csproj", "{EEF14481-2B90-4B3A-8265-871B2F4788DD}"
EndProject
Project("{9A19103F-16F7-4668-BE54-9A1E7A4F7556}") = "GeoPlaces.Tests", "backend\GeoPlaces.Tests\GeoPlaces.Tests.csproj", "{DFEAD63E-3187-4DB4-BBD7-8B4E84108465}"
EndProject
Global
	GlobalSection(SolutionConfigurationPlatforms) = preSolution
		Debug|Any CPU = Debug|Any CPU
		Release|Any CPU = Release|Any CPU
	EndGlobalSection
	GlobalSection(ProjectConfigurationPlatforms) = postSolution
		{B0B72995-EFE1-4A91-91A4-698056F74E1A}.Debug|Any CPU.ActiveCfg = Debug|Any CPU
		{B0B72995-EFE1-4A91-91A4-698056F74E1A}.Debug|Any CPU.Build.0 = Debug|Any CPU
		{B0B72995-EFE1-4A91-91A4-698056F74E1A}.Release|Any CPU.ActiveCfg = Release|Any CPU
		{B0B72995-EFE1-4A91-91A4-698056F74E1A}.Release|Any CPU.Build.0 = Release|Any CPU
		{29B17BA5-283C-443A-9943-27097BCA5CB4}.Debug|Any CPU.ActiveCfg = Debug|Any CPU
		{29B17BA5-283C-443A-9943-27097BCA5CB4}.Debug|Any CPU.Build.0 = Debug|Any CPU
		{29B17BA5-283C-443A-9943-27097BCA5CB4}.Release|Any CPU.ActiveCfg = Release|Any CPU
		{29B17BA5-283C-443A-9943-27097BCA5CB4}.Release|Any CPU.Build.0 = Release|Any CPU
		{EEF14481-2B90-4B3A-8265-871B2F4788DD}.Debug|Any CPU.ActiveCfg = Debug|Any CPU
		{EEF14481-2B90-4B3A-8265-871B2F4788DD}.Debug|Any CPU.Build.0 = Debug|Any CPU
		{EEF14481-2B90-4B3A-8265-871B2F4788DD}.Release|Any CPU.ActiveCfg = Release|Any CPU
		{EEF14481-2B90-4B3A-8265-871B2F4788DD}.Release|Any CPU.Build.0 = Release|Any CPU
		{DFEAD63E-3187-4DB4-BBD7-8B4E84108465}.Debug|Any CPU.ActiveCfg = Debug|Any CPU
		{DFEAD63E-3187-4DB4-BBD7-8B4E84108465}.Debug|Any CPU.Build.0 = Debug|Any CPU
		{DFEAD63E-3187-4DB4-BBD7-8B4E84108465}.Release|Any CPU.ActiveCfg = Release|Any CPU
		{DFEAD63E-3187-4DB4-BBD7-8B4E84108465}.Release|Any CPU.Build.0 = Release|Any CPU
	EndGlobalSection
	GlobalSection(SolutionProperties) = preSolution
		HideSolutionNode = FALSE
	EndGlobalSection
	GlobalSection(ExtensibilityGlobals) = postSolution
		        SolutionGuid = {D08ED3EF-9A9C-4096-B87C-14459C668812}
	EndGlobalSection
EndGlobal
